<Solution>
  <Folder Name="/examples/">
    <Project Path="examples/Anjal.ApiClient/Anjal.ApiClient.csproj" />
    <Project Path="examples/Anjal.DkimKeygen/Anjal.DkimKeygen.csproj" />
    <Project Path="examples/Anjal.DkimSigning/Anjal.DkimSigning.csproj" />
    <Project Path="examples/Anjal.InboundEndToEnd/Anjal.InboundEndToEnd.csproj" />
    <Project Path="examples/Anjal.Mime.Build/Anjal.Mime.Build.csproj" />
    <Project Path="examples/Anjal.Mime.Parse/Anjal.Mime.Parse.csproj" />
    <Project Path="examples/Anjal.OutboundEndToEnd/Anjal.OutboundEndToEnd.csproj" />
    <Project Path="examples/Anjal.TlsEndToEnd/Anjal.TlsEndToEnd.csproj" />
  </Folder>
  <Folder Name="/src/">
    <Project Path="src/Anjal.Api/Anjal.Api.csproj" />
    <Project Path="src/Anjal.Dkim/Anjal.Dkim.csproj" />
    <Project Path="src/Anjal.Dns/Anjal.Dns.csproj" />
    <Project Path="src/Anjal.Mime/Anjal.Mime.csproj" />
    <Project Path="src/Anjal.Routing/Anjal.Routing.csproj" />
    <Project Path="src/Anjal.Server/Anjal.Server.csproj" />
    <Project Path="src/Anjal.Smtp/Anjal.Smtp.csproj" />
    <Project Path="src/Anjal.Store/Anjal.Store.csproj" />
  </Folder>
  <Folder Name="/tests/">
    <Project Path="tests/Anjal.Api.Tests/Anjal.Api.Tests.csproj" />
    <Project Path="tests/Anjal.Dkim.Tests/Anjal.Dkim.Tests.csproj" />
    <Project Path="tests/Anjal.Mime.Tests/Anjal.Mime.Tests.csproj" />
    <Project Path="tests/Anjal.Routing.Tests/Anjal.Routing.Tests.csproj" />
    <Project Path="tests/Anjal.Smtp.Tests/Anjal.Smtp.Tests.csproj" />
    <Project Path="tests/Anjal.Store.Tests/Anjal.Store.Tests.csproj" />
  </Folder>
</Solution>
